
Microsoft Visual Studio Solution File, Format Version 12.00
# Visual Studio Express 15 for Windows Desktop
VisualStudioVersion = 15.0.34829.251
MinimumVisualStudioVersion = 10.0.40219.1
Project("{FAE04EC0-301F-11D3-BF4B-00C04F79EFBC}") = "Atividade1", "Atividade1\Atividade1.csproj", "{A5014D86-8987-4A36-A650-5AA33548FAC7}"
EndProject
Global
	GlobalSection(SolutionConfigurationPlatforms) = preSolution
		Debug|Any CPU = Debug|Any CPU
		Release|Any CPU = Release|Any CPU
	EndGlobalSection
	GlobalSection(ProjectConfigurationPlatforms) = postSolution
		{A5014D86-8987-4A36-A650-5AA33548FAC7}.Debug|Any CPU.ActiveCfg = Debug|Any CPU
		{A5014D86-8987-4A36-A650-5AA33548FAC7}.Debug|Any CPU.Build.0 = Debug|Any CPU
		{A5014D86-8987-4A36-A650-5AA33548FAC7}.Release|Any CPU.ActiveCfg = Release|Any CPU
		{A5014D86-8987-4A36-A650-5AA33548FAC7}.Release|Any CPU.Build.0 = Release|Any CPU
	EndGlobalSection
	GlobalSection(SolutionProperties) = preSolution
		HideSolutionNode = FALSE
	EndGlobalSection
	GlobalSection(ExtensibilityGlobals) = postSolution
		SolutionGuid = {F312BB35-468A-4E2A-800A-B1312A2619A7}
	EndGlobalSection
EndGlobal
