
Microsoft Visual Studio Solution File, Format Version 12.00
# Visual Studio Express 15 for Windows Desktop
VisualStudioVersion = 15.0.34829.251
MinimumVisualStudioVersion = 10.0.40219.1
Project("{FAE04EC0-301F-11D3-BF4B-00C04F79EFBC}") = "Atividade10", "Atividade10\Atividade10.csproj", "{3D978ABB-3E20-4209-BBD1-305368FB572B}"
EndProject
Global
	GlobalSection(SolutionConfigurationPlatforms) = preSolution
		Debug|Any CPU = Debug|Any CPU
		Release|Any CPU = Release|Any CPU
	EndGlobalSection
	GlobalSection(ProjectConfigurationPlatforms) = postSolution
		{3D978ABB-3E20-4209-BBD1-305368FB572B}.Debug|Any CPU.ActiveCfg = Debug|Any CPU
		{3D978ABB-3E20-4209-BBD1-305368FB572B}.Debug|Any CPU.Build.0 = Debug|Any CPU
		{3D978ABB-3E20-4209-BBD1-305368FB572B}.Release|Any CPU.ActiveCfg = Release|Any CPU
		{3D978ABB-3E20-4209-BBD1-305368FB572B}.Release|Any CPU.Build.0 = Release|Any CPU
	EndGlobalSection
	GlobalSection(SolutionProperties) = preSolution
		HideSolutionNode = FALSE
	EndGlobalSection
	GlobalSection(ExtensibilityGlobals) = postSolution
		SolutionGuid = {8857A2AB-1757-48C6-92DD-CF588E502E47}
	EndGlobalSection
EndGlobal
