
Microsoft Visual Studio Solution File, Format Version 12.00
# Visual Studio Express 15 for Windows Desktop
VisualStudioVersion = 15.0.34829.251
MinimumVisualStudioVersion = 10.0.40219.1
Project("{FAE04EC0-301F-11D3-BF4B-00C04F79EFBC}") = "Atividade2", "Atividade2\Atividade2.csproj", "{592631B1-CF78-40DE-876C-51BE6D398406}"
EndProject
Global
	GlobalSection(SolutionConfigurationPlatforms) = preSolution
		Debug|Any CPU = Debug|Any CPU
		Release|Any CPU = Release|Any CPU
	EndGlobalSection
	GlobalSection(ProjectConfigurationPlatforms) = postSolution
		{592631B1-CF78-40DE-876C-51BE6D398406}.Debug|Any CPU.ActiveCfg = Debug|Any CPU
		{592631B1-CF78-40DE-876C-51BE6D398406}.Debug|Any CPU.Build.0 = Debug|Any CPU
		{592631B1-CF78-40DE-876C-51BE6D398406}.Release|Any CPU.ActiveCfg = Release|Any CPU
		{592631B1-CF78-40DE-876C-51BE6D398406}.Release|Any CPU.Build.0 = Release|Any CPU
	EndGlobalSection
	GlobalSection(SolutionProperties) = preSolution
		HideSolutionNode = FALSE
	EndGlobalSection
	GlobalSection(ExtensibilityGlobals) = postSolution
		SolutionGuid = {A0580EA2-81D7-4522-8236-D3035BB687D9}
	EndGlobalSection
EndGlobal
