
Microsoft Visual Studio Solution File, Format Version 12.00
# Visual Studio Express 15 for Windows Desktop
VisualStudioVersion = 15.0.34829.251
MinimumVisualStudioVersion = 10.0.40219.1
Project("{FAE04EC0-301F-11D3-BF4B-00C04F79EFBC}") = "Atividade8", "Atividade8\Atividade8.csproj", "{BDC17425-FCBE-41D7-A4D7-3F1ADDA5D162}"
EndProject
Global
	GlobalSection(SolutionConfigurationPlatforms) = preSolution
		Debug|Any CPU = Debug|Any CPU
		Release|Any CPU = Release|Any CPU
	EndGlobalSection
	GlobalSection(ProjectConfigurationPlatforms) = postSolution
		{BDC17425-FCBE-41D7-A4D7-3F1ADDA5D162}.Debug|Any CPU.ActiveCfg = Debug|Any CPU
		{BDC17425-FCBE-41D7-A4D7-3F1ADDA5D162}.Debug|Any CPU.Build.0 = Debug|Any CPU
		{BDC17425-FCBE-41D7-A4D7-3F1ADDA5D162}.Release|Any CPU.ActiveCfg = Release|Any CPU
		{BDC17425-FCBE-41D7-A4D7-3F1ADDA5D162}.Release|Any CPU.Build.0 = Release|Any CPU
	EndGlobalSection
	GlobalSection(SolutionProperties) = preSolution
		HideSolutionNode = FALSE
	EndGlobalSection
	GlobalSection(ExtensibilityGlobals) = postSolution
		SolutionGuid = {E907A2C8-0624-4533-8116-ACEE217BCDBA}
	EndGlobalSection
EndGlobal
